
Microsoft Visual Studio Solution File, Format Version 12.00
# Visual Studio 15
VisualStudioVersion = 15.0.28307.271
MinimumVisualStudioVersion = 10.0.40219.1
Project("{FAE04EC0-301F-11D3-BF4B-00C04F79EFBC}") = "IdleTimer", "IdleTimer.csproj", "{D434E732-3E03-4D2B-B2D0-CE135C0BD981}"
EndProject
Global
	GlobalSection(SolutionConfigurationPlatforms) = preSolution
		Debug|Any CPU = Debug|Any CPU
		Release|Any CPU = Release|Any CPU
	EndGlobalSection
	GlobalSection(ProjectConfigurationPlatforms) = postSolution
		{D434E732-3E03-4D2B-B2D0-CE135C0BD981}.Debug|Any CPU.ActiveCfg = Debug|Any CPU
		{D434E732-3E03-4D2B-B2D0-CE135C0BD981}.Debug|Any CPU.Build.0 = Debug|Any CPU
		{D434E732-3E03-4D2B-B2D0-CE135C0BD981}.Release|Any CPU.ActiveCfg = Release|Any CPU
		{D434E732-3E03-4D2B-B2D0-CE135C0BD981}.Release|Any CPU.Build.0 = Release|Any CPU
	EndGlobalSection
	GlobalSection(SolutionProperties) = preSolution
		HideSolutionNode = FALSE
	EndGlobalSection
	GlobalSection(ExtensibilityGlobals) = postSolution
		SolutionGuid = {29B31F18-1B4F-4004-9E48-8A7040A7E5DD}
	EndGlobalSection
EndGlobal
